
Microsoft Visual Studio Solution File, Format Version 12.00
# Visual Studio Version 16
VisualStudioVersion = 16.0.32106.194
MinimumVisualStudioVersion = 10.0.40219.1
Project("{FAE04EC0-301F-11D3-BF4B-00C04F79EFBC}") = "DISAssignment1", "DISAssignment1.csproj", "{02F81A95-6EC8-44BB-B8D7-9512CA0E409B}"
EndProject
Global
	GlobalSection(SolutionConfigurationPlatforms) = preSolution
		Debug|Any CPU = Debug|Any CPU
		Release|Any CPU = Release|Any CPU
	EndGlobalSection
	GlobalSection(ProjectConfigurationPlatforms) = postSolution
		{02F81A95-6EC8-44BB-B8D7-9512CA0E409B}.Debug|Any CPU.ActiveCfg = Debug|Any CPU
		{02F81A95-6EC8-44BB-B8D7-9512CA0E409B}.Debug|Any CPU.Build.0 = Debug|Any CPU
		{02F81A95-6EC8-44BB-B8D7-9512CA0E409B}.Release|Any CPU.ActiveCfg = Release|Any CPU
		{02F81A95-6EC8-44BB-B8D7-9512CA0E409B}.Release|Any CPU.Build.0 = Release|Any CPU
	EndGlobalSection
	GlobalSection(SolutionProperties) = preSolution
		HideSolutionNode = FALSE
	EndGlobalSection
	GlobalSection(ExtensibilityGlobals) = postSolution
		SolutionGuid = {DC8B0521-AF74-46F4-B608-F4FBE2FA9B72}
	EndGlobalSection
EndGlobal
